
Microsoft Visual Studio Solution File, Format Version 12.00
# Visual Studio Version 16
VisualStudioVersion = 16.0.29411.108
MinimumVisualStudioVersion = 10.0.40219.1
Project("{FAE04EC0-301F-11D3-BF4B-00C04F79EFBC}") = "todoProducts", "todoProducts\todoProducts.csproj", "{5D4AA990-5BE4-4957-A9E7-8859D13D7E8B}"
EndProject
Global
	GlobalSection(SolutionConfigurationPlatforms) = preSolution
		Debug|Any CPU = Debug|Any CPU
		Release|Any CPU = Release|Any CPU
	EndGlobalSection
	GlobalSection(ProjectConfigurationPlatforms) = postSolution
		{5D4AA990-5BE4-4957-A9E7-8859D13D7E8B}.Debug|Any CPU.ActiveCfg = Debug|Any CPU
		{5D4AA990-5BE4-4957-A9E7-8859D13D7E8B}.Debug|Any CPU.Build.0 = Debug|Any CPU
		{5D4AA990-5BE4-4957-A9E7-8859D13D7E8B}.Release|Any CPU.ActiveCfg = Release|Any CPU
		{5D4AA990-5BE4-4957-A9E7-8859D13D7E8B}.Release|Any CPU.Build.0 = Release|Any CPU
	EndGlobalSection
	GlobalSection(SolutionProperties) = preSolution
		HideSolutionNode = FALSE
	EndGlobalSection
	GlobalSection(ExtensibilityGlobals) = postSolution
		SolutionGuid = {3C632243-6F39-42B7-9793-99A22A16A92A}
	EndGlobalSection
EndGlobal
